
Microsoft Visual Studio Solution File, Format Version 12.00
# Visual Studio 15
VisualStudioVersion = 15.0.28307.645
MinimumVisualStudioVersion = 10.0.40219.1
Project("{FAE04EC0-301F-11D3-BF4B-00C04F79EFBC}") = "MediaToolkit", "MediaToolkit\MediaToolkit.csproj", "{D93A9D01-3409-48BB-B1EB-860EFE0397F1}"
EndProject
Project("{8BC9CEB8-8B4A-11D0-8D11-00A0C91BC942}") = "MediaToolkit.FFmpeg", "MediaToolkit.FFmpeg\FFmpegWrapper.vcxproj", "{F83157FD-4E1F-4F55-BED8-F4F138824FFD}"
EndProject
Project("{FAE04EC0-301F-11D3-BF4B-00C04F79EFBC}") = "MediaToolkit.Resources", "Resources\MediaToolkit.Resources.csproj", "{53677E3B-7880-4C45-8EA9-95DB9FCB2D8C}"
EndProject
Project("{FAE04EC0-301F-11D3-BF4B-00C04F79EFBC}") = "Test.Client", "Test.Client\Test.Client.csproj", "{81B60AC9-5A76-4515-AFAD-07094336A314}"
EndProject
Project("{FAE04EC0-301F-11D3-BF4B-00C04F79EFBC}") = "MediaToolkit.Core", "MediaToolkit.Core\MediaToolkit.Core.csproj", "{53A308C8-F2AE-4DC2-A4B5-A51ECCD77CFE}"
EndProject
Project("{FAE04EC0-301F-11D3-BF4B-00C04F79EFBC}") = "Test.Streamer", "Test.Streamer\Test.Streamer.csproj", "{FB9EA9CE-8052-4CAF-A85A-89A41B62C7A0}"
	ProjectSection(ProjectDependencies) = postProject
		{F83157FD-4E1F-4F55-BED8-F4F138824FFD} = {F83157FD-4E1F-4F55-BED8-F4F138824FFD}
	EndProjectSection
EndProject
Project("{FAE04EC0-301F-11D3-BF4B-00C04F79EFBC}") = "MediaToolkit.UI", "MediaToolkit.UI\MediaToolkit.UI.csproj", "{6EC45781-0060-4F0A-AD0E-1452704F0740}"
EndProject
Project("{FAE04EC0-301F-11D3-BF4B-00C04F79EFBC}") = "MediaToolkit.NativeAPIs", "MediaToolkit.NativeAPIs\MediaToolkit.NativeAPIs.csproj", "{4B001D0F-817D-4075-9714-9A192AF5C0A0}"
EndProject
Project("{FAE04EC0-301F-11D3-BF4B-00C04F79EFBC}") = "Test.WebCam", "Test.WebCam\Test.WebCam.csproj", "{A05A73C9-27FF-45CF-BE8D-3838E2CE0D80}"
EndProject
Project("{2150E333-8FDC-42A3-9474-1A3956D46DE8}") = "Test", "Test", "{762A0890-DAD6-4F12-806F-33DF38E80B7D}"
EndProject
Project("{FAE04EC0-301F-11D3-BF4B-00C04F79EFBC}") = "Test.PolywallClient", "Test.PolywallClient\Test.PolywallClient.csproj", "{5CB46F56-265E-41D1-B01D-D7D23B6BF9E7}"
	ProjectSection(ProjectDependencies) = postProject
		{D93A9D01-3409-48BB-B1EB-860EFE0397F1} = {D93A9D01-3409-48BB-B1EB-860EFE0397F1}
		{4B001D0F-817D-4075-9714-9A192AF5C0A0} = {4B001D0F-817D-4075-9714-9A192AF5C0A0}
		{6EC45781-0060-4F0A-AD0E-1452704F0740} = {6EC45781-0060-4F0A-AD0E-1452704F0740}
	EndProjectSection
EndProject
Project("{FAE04EC0-301F-11D3-BF4B-00C04F79EFBC}") = "Test.VideoRenderer", "Test.VideoRenderer\Test.VideoRenderer.csproj", "{A8BFFCE1-303D-4088-9BA2-8125A0486761}"
EndProject
Project("{FAE04EC0-301F-11D3-BF4B-00C04F79EFBC}") = "Test.DeckLink", "Test.DeckLink\Test.DeckLink.csproj", "{1057CB86-09C6-44B4-AC28-1EBC767E9A1F}"
EndProject
Project("{FAE04EC0-301F-11D3-BF4B-00C04F79EFBC}") = "MediaToolkit.DeckLink", "MediaToolkit.DeckLink\MediaToolkit.DeckLink.csproj", "{707B5F56-5B9B-4453-9058-7F9B8195C3E4}"
EndProject
Project("{FAE04EC0-301F-11D3-BF4B-00C04F79EFBC}") = "Test.Encoder", "Test.Encoder\Test.Encoder.csproj", "{DCCA5B60-E2BA-4A44-8218-7E4C0AC59B5F}"
EndProject
Project("{2150E333-8FDC-42A3-9474-1A3956D46DE8}") = "ScreenStreamer", "ScreenStreamer", "{7306EEA8-EDEC-4D5C-A40F-B00FEF44A8A2}"
EndProject
Project("{FAE04EC0-301F-11D3-BF4B-00C04F79EFBC}") = "ScreenStreamer.Wpf.App", "ScreenStreamer.Wpf.App\ScreenStreamer.Wpf.App.csproj", "{739C605A-042C-4A4C-A35D-AD3E1ABA0F3D}"
EndProject
Project("{FAE04EC0-301F-11D3-BF4B-00C04F79EFBC}") = "ScreenStreamer.Common", "ScreenStreamer.Common\ScreenStreamer.Common.csproj", "{C19F7863-F6F5-48B1-8802-5BFF5AEBA4B4}"
EndProject
Project("{FAE04EC0-301F-11D3-BF4B-00C04F79EFBC}") = "ScreenStreamer.WinForms.App", "ScreenStreamer.WinForms.App\ScreenStreamer.WinForms.App.csproj", "{9830873B-F8FE-482D-B15B-B8B800A9ED9A}"
EndProject
Global
	GlobalSection(SolutionConfigurationPlatforms) = preSolution
		Debug|Any CPU = Debug|Any CPU
		Debug|x86 = Debug|x86
		Release|Any CPU = Release|Any CPU
		Release|x86 = Release|x86
	EndGlobalSection
	GlobalSection(ProjectConfigurationPlatforms) = postSolution
		{D93A9D01-3409-48BB-B1EB-860EFE0397F1}.Debug|Any CPU.ActiveCfg = Debug|Any CPU
		{D93A9D01-3409-48BB-B1EB-860EFE0397F1}.Debug|Any CPU.Build.0 = Debug|Any CPU
		{D93A9D01-3409-48BB-B1EB-860EFE0397F1}.Debug|x86.ActiveCfg = Debug|x86
		{D93A9D01-3409-48BB-B1EB-860EFE0397F1}.Debug|x86.Build.0 = Debug|x86
		{D93A9D01-3409-48BB-B1EB-860EFE0397F1}.Release|Any CPU.ActiveCfg = Release|Any CPU
		{D93A9D01-3409-48BB-B1EB-860EFE0397F1}.Release|Any CPU.Build.0 = Release|Any CPU
		{D93A9D01-3409-48BB-B1EB-860EFE0397F1}.Release|x86.ActiveCfg = Release|x86
		{D93A9D01-3409-48BB-B1EB-860EFE0397F1}.Release|x86.Build.0 = Release|x86
		{F83157FD-4E1F-4F55-BED8-F4F138824FFD}.Debug|Any CPU.ActiveCfg = Debug|Win32
		{F83157FD-4E1F-4F55-BED8-F4F138824FFD}.Debug|x86.ActiveCfg = Debug|Win32
		{F83157FD-4E1F-4F55-BED8-F4F138824FFD}.Debug|x86.Build.0 = Debug|Win32
		{F83157FD-4E1F-4F55-BED8-F4F138824FFD}.Release|Any CPU.ActiveCfg = Release|Win32
		{F83157FD-4E1F-4F55-BED8-F4F138824FFD}.Release|x86.ActiveCfg = Release|Win32
		{F83157FD-4E1F-4F55-BED8-F4F138824FFD}.Release|x86.Build.0 = Release|Win32
		{53677E3B-7880-4C45-8EA9-95DB9FCB2D8C}.Debug|Any CPU.ActiveCfg = Debug|x86
		{53677E3B-7880-4C45-8EA9-95DB9FCB2D8C}.Debug|x86.ActiveCfg = Debug|x86
		{53677E3B-7880-4C45-8EA9-95DB9FCB2D8C}.Debug|x86.Build.0 = Debug|x86
		{53677E3B-7880-4C45-8EA9-95DB9FCB2D8C}.Release|Any CPU.ActiveCfg = Release|x86
		{53677E3B-7880-4C45-8EA9-95DB9FCB2D8C}.Release|x86.ActiveCfg = Release|x86
		{53677E3B-7880-4C45-8EA9-95DB9FCB2D8C}.Release|x86.Build.0 = Release|x86
		{81B60AC9-5A76-4515-AFAD-07094336A314}.Debug|Any CPU.ActiveCfg = Debug|x86
		{81B60AC9-5A76-4515-AFAD-07094336A314}.Debug|x86.ActiveCfg = Debug|x86
		{81B60AC9-5A76-4515-AFAD-07094336A314}.Debug|x86.Build.0 = Debug|x86
		{81B60AC9-5A76-4515-AFAD-07094336A314}.Release|Any CPU.ActiveCfg = Release|x86
		{81B60AC9-5A76-4515-AFAD-07094336A314}.Release|x86.ActiveCfg = Release|x86
		{53A308C8-F2AE-4DC2-A4B5-A51ECCD77CFE}.Debug|Any CPU.ActiveCfg = Debug|x86
		{53A308C8-F2AE-4DC2-A4B5-A51ECCD77CFE}.Debug|x86.ActiveCfg = Debug|x86
		{53A308C8-F2AE-4DC2-A4B5-A51ECCD77CFE}.Debug|x86.Build.0 = Debug|x86
		{53A308C8-F2AE-4DC2-A4B5-A51ECCD77CFE}.Release|Any CPU.ActiveCfg = Release|x86
		{53A308C8-F2AE-4DC2-A4B5-A51ECCD77CFE}.Release|x86.ActiveCfg = Release|x86
		{53A308C8-F2AE-4DC2-A4B5-A51ECCD77CFE}.Release|x86.Build.0 = Release|x86
		{FB9EA9CE-8052-4CAF-A85A-89A41B62C7A0}.Debug|Any CPU.ActiveCfg = Debug|x86
		{FB9EA9CE-8052-4CAF-A85A-89A41B62C7A0}.Debug|x86.ActiveCfg = Debug|x86
		{FB9EA9CE-8052-4CAF-A85A-89A41B62C7A0}.Debug|x86.Build.0 = Debug|x86
		{FB9EA9CE-8052-4CAF-A85A-89A41B62C7A0}.Release|Any CPU.ActiveCfg = Release|x86
		{FB9EA9CE-8052-4CAF-A85A-89A41B62C7A0}.Release|x86.ActiveCfg = Release|x86
		{6EC45781-0060-4F0A-AD0E-1452704F0740}.Debug|Any CPU.ActiveCfg = Debug|x86
		{6EC45781-0060-4F0A-AD0E-1452704F0740}.Debug|x86.ActiveCfg = Debug|x86
		{6EC45781-0060-4F0A-AD0E-1452704F0740}.Debug|x86.Build.0 = Debug|x86
		{6EC45781-0060-4F0A-AD0E-1452704F0740}.Release|Any CPU.ActiveCfg = Release|x86
		{6EC45781-0060-4F0A-AD0E-1452704F0740}.Release|x86.ActiveCfg = Release|x86
		{6EC45781-0060-4F0A-AD0E-1452704F0740}.Release|x86.Build.0 = Release|x86
		{4B001D0F-817D-4075-9714-9A192AF5C0A0}.Debug|Any CPU.ActiveCfg = Debug|x86
		{4B001D0F-817D-4075-9714-9A192AF5C0A0}.Debug|x86.ActiveCfg = Debug|x86
		{4B001D0F-817D-4075-9714-9A192AF5C0A0}.Debug|x86.Build.0 = Debug|x86
		{4B001D0F-817D-4075-9714-9A192AF5C0A0}.Release|Any CPU.ActiveCfg = Release|x86
		{4B001D0F-817D-4075-9714-9A192AF5C0A0}.Release|x86.ActiveCfg = Release|x86
		{4B001D0F-817D-4075-9714-9A192AF5C0A0}.Release|x86.Build.0 = Release|x86
		{A05A73C9-27FF-45CF-BE8D-3838E2CE0D80}.Debug|Any CPU.ActiveCfg = Debug|x86
		{A05A73C9-27FF-45CF-BE8D-3838E2CE0D80}.Debug|x86.ActiveCfg = Debug|x86
		{A05A73C9-27FF-45CF-BE8D-3838E2CE0D80}.Debug|x86.Build.0 = Debug|x86
		{A05A73C9-27FF-45CF-BE8D-3838E2CE0D80}.Release|Any CPU.ActiveCfg = Release|x86
		{A05A73C9-27FF-45CF-BE8D-3838E2CE0D80}.Release|x86.ActiveCfg = Release|x86
		{5CB46F56-265E-41D1-B01D-D7D23B6BF9E7}.Debug|Any CPU.ActiveCfg = Debug|x86
		{5CB46F56-265E-41D1-B01D-D7D23B6BF9E7}.Debug|x86.ActiveCfg = Debug|x86
		{5CB46F56-265E-41D1-B01D-D7D23B6BF9E7}.Debug|x86.Build.0 = Debug|x86
		{5CB46F56-265E-41D1-B01D-D7D23B6BF9E7}.Release|Any CPU.ActiveCfg = Release|x86
		{5CB46F56-265E-41D1-B01D-D7D23B6BF9E7}.Release|x86.ActiveCfg = Release|x86
		{A8BFFCE1-303D-4088-9BA2-8125A0486761}.Debug|Any CPU.ActiveCfg = Debug|x86
		{A8BFFCE1-303D-4088-9BA2-8125A0486761}.Debug|x86.ActiveCfg = Debug|x86
		{A8BFFCE1-303D-4088-9BA2-8125A0486761}.Debug|x86.Build.0 = Debug|x86
		{A8BFFCE1-303D-4088-9BA2-8125A0486761}.Release|Any CPU.ActiveCfg = Release|x86
		{A8BFFCE1-303D-4088-9BA2-8125A0486761}.Release|x86.ActiveCfg = Release|x86
		{1057CB86-09C6-44B4-AC28-1EBC767E9A1F}.Debug|Any CPU.ActiveCfg = Debug|x86
		{1057CB86-09C6-44B4-AC28-1EBC767E9A1F}.Debug|x86.ActiveCfg = Debug|x86
		{1057CB86-09C6-44B4-AC28-1EBC767E9A1F}.Debug|x86.Build.0 = Debug|x86
		{1057CB86-09C6-44B4-AC28-1EBC767E9A1F}.Release|Any CPU.ActiveCfg = Release|x86
		{1057CB86-09C6-44B4-AC28-1EBC767E9A1F}.Release|x86.ActiveCfg = Release|x86
		{707B5F56-5B9B-4453-9058-7F9B8195C3E4}.Debug|Any CPU.ActiveCfg = Debug|x86
		{707B5F56-5B9B-4453-9058-7F9B8195C3E4}.Debug|x86.ActiveCfg = Debug|x86
		{707B5F56-5B9B-4453-9058-7F9B8195C3E4}.Debug|x86.Build.0 = Debug|x86
		{707B5F56-5B9B-4453-9058-7F9B8195C3E4}.Release|Any CPU.ActiveCfg = Release|x86
		{707B5F56-5B9B-4453-9058-7F9B8195C3E4}.Release|x86.ActiveCfg = Release|x86
		{707B5F56-5B9B-4453-9058-7F9B8195C3E4}.Release|x86.Build.0 = Release|x86
		{DCCA5B60-E2BA-4A44-8218-7E4C0AC59B5F}.Debug|Any CPU.ActiveCfg = Debug|Any CPU
		{DCCA5B60-E2BA-4A44-8218-7E4C0AC59B5F}.Debug|Any CPU.Build.0 = Debug|Any CPU
		{DCCA5B60-E2BA-4A44-8218-7E4C0AC59B5F}.Debug|x86.ActiveCfg = Debug|Any CPU
		{DCCA5B60-E2BA-4A44-8218-7E4C0AC59B5F}.Debug|x86.Build.0 = Debug|Any CPU
		{DCCA5B60-E2BA-4A44-8218-7E4C0AC59B5F}.Release|Any CPU.ActiveCfg = Release|Any CPU
		{DCCA5B60-E2BA-4A44-8218-7E4C0AC59B5F}.Release|Any CPU.Build.0 = Release|Any CPU
		{DCCA5B60-E2BA-4A44-8218-7E4C0AC59B5F}.Release|x86.ActiveCfg = Release|Any CPU
		{DCCA5B60-E2BA-4A44-8218-7E4C0AC59B5F}.Release|x86.Build.0 = Release|Any CPU
		{739C605A-042C-4A4C-A35D-AD3E1ABA0F3D}.Debug|Any CPU.ActiveCfg = Debug|Any CPU
		{739C605A-042C-4A4C-A35D-AD3E1ABA0F3D}.Debug|Any CPU.Build.0 = Debug|Any CPU
		{739C605A-042C-4A4C-A35D-AD3E1ABA0F3D}.Debug|x86.ActiveCfg = Debug|Any CPU
		{739C605A-042C-4A4C-A35D-AD3E1ABA0F3D}.Debug|x86.Build.0 = Debug|Any CPU
		{739C605A-042C-4A4C-A35D-AD3E1ABA0F3D}.Release|Any CPU.ActiveCfg = Release|Any CPU
		{739C605A-042C-4A4C-A35D-AD3E1ABA0F3D}.Release|Any CPU.Build.0 = Release|Any CPU
		{739C605A-042C-4A4C-A35D-AD3E1ABA0F3D}.Release|x86.ActiveCfg = Release|Any CPU
		{739C605A-042C-4A4C-A35D-AD3E1ABA0F3D}.Release|x86.Build.0 = Release|Any CPU
		{C19F7863-F6F5-48B1-8802-5BFF5AEBA4B4}.Debug|Any CPU.ActiveCfg = Debug|Any CPU
		{C19F7863-F6F5-48B1-8802-5BFF5AEBA4B4}.Debug|Any CPU.Build.0 = Debug|Any CPU
		{C19F7863-F6F5-48B1-8802-5BFF5AEBA4B4}.Debug|x86.ActiveCfg = Debug|Any CPU
		{C19F7863-F6F5-48B1-8802-5BFF5AEBA4B4}.Debug|x86.Build.0 = Debug|Any CPU
		{C19F7863-F6F5-48B1-8802-5BFF5AEBA4B4}.Release|Any CPU.ActiveCfg = Release|Any CPU
		{C19F7863-F6F5-48B1-8802-5BFF5AEBA4B4}.Release|Any CPU.Build.0 = Release|Any CPU
		{C19F7863-F6F5-48B1-8802-5BFF5AEBA4B4}.Release|x86.ActiveCfg = Release|Any CPU
		{C19F7863-F6F5-48B1-8802-5BFF5AEBA4B4}.Release|x86.Build.0 = Release|Any CPU
		{9830873B-F8FE-482D-B15B-B8B800A9ED9A}.Debug|Any CPU.ActiveCfg = Debug|Any CPU
		{9830873B-F8FE-482D-B15B-B8B800A9ED9A}.Debug|Any CPU.Build.0 = Debug|Any CPU
		{9830873B-F8FE-482D-B15B-B8B800A9ED9A}.Debug|x86.ActiveCfg = Debug|Any CPU
		{9830873B-F8FE-482D-B15B-B8B800A9ED9A}.Debug|x86.Build.0 = Debug|Any CPU
		{9830873B-F8FE-482D-B15B-B8B800A9ED9A}.Release|Any CPU.ActiveCfg = Release|Any CPU
		{9830873B-F8FE-482D-B15B-B8B800A9ED9A}.Release|Any CPU.Build.0 = Release|Any CPU
		{9830873B-F8FE-482D-B15B-B8B800A9ED9A}.Release|x86.ActiveCfg = Release|Any CPU
		{9830873B-F8FE-482D-B15B-B8B800A9ED9A}.Release|x86.Build.0 = Release|Any CPU
	EndGlobalSection
	GlobalSection(SolutionProperties) = preSolution
		HideSolutionNode = FALSE
	EndGlobalSection
	GlobalSection(NestedProjects) = preSolution
		{81B60AC9-5A76-4515-AFAD-07094336A314} = {762A0890-DAD6-4F12-806F-33DF38E80B7D}
		{FB9EA9CE-8052-4CAF-A85A-89A41B62C7A0} = {762A0890-DAD6-4F12-806F-33DF38E80B7D}
		{A05A73C9-27FF-45CF-BE8D-3838E2CE0D80} = {762A0890-DAD6-4F12-806F-33DF38E80B7D}
		{5CB46F56-265E-41D1-B01D-D7D23B6BF9E7} = {762A0890-DAD6-4F12-806F-33DF38E80B7D}
		{A8BFFCE1-303D-4088-9BA2-8125A0486761} = {762A0890-DAD6-4F12-806F-33DF38E80B7D}
		{1057CB86-09C6-44B4-AC28-1EBC767E9A1F} = {762A0890-DAD6-4F12-806F-33DF38E80B7D}
		{DCCA5B60-E2BA-4A44-8218-7E4C0AC59B5F} = {762A0890-DAD6-4F12-806F-33DF38E80B7D}
		{739C605A-042C-4A4C-A35D-AD3E1ABA0F3D} = {7306EEA8-EDEC-4D5C-A40F-B00FEF44A8A2}
		{C19F7863-F6F5-48B1-8802-5BFF5AEBA4B4} = {7306EEA8-EDEC-4D5C-A40F-B00FEF44A8A2}
		{9830873B-F8FE-482D-B15B-B8B800A9ED9A} = {7306EEA8-EDEC-4D5C-A40F-B00FEF44A8A2}
	EndGlobalSection
	GlobalSection(ExtensibilityGlobals) = postSolution
		SolutionGuid = {691ACD75-ACCB-4862-BC19-0302DCE83B4A}
	EndGlobalSection
EndGlobal
